
Microsoft Visual Studio Solution File, Format Version 12.00
# Visual Studio 15
VisualStudioVersion = 15.0.26430.6
MinimumVisualStudioVersion = 10.0.40219.1
Project("{FAE04EC0-301F-11D3-BF4B-00C04F79EFBC}") = "BotCore", "EndlessBot\BotCore.csproj", "{410FF4AE-AD94-4ACC-AC7A-1093F486DFDB}"
EndProject
Project("{2150E333-8FDC-42A3-9474-1A3956D46DE8}") = "Utilities", "Utilities", "{AA6E5DB2-F2AB-4BF6-A235-00730F8DC40A}"
EndProject
Project("{FAE04EC0-301F-11D3-BF4B-00C04F79EFBC}") = "ByondTopic", "ByondTopic\ByondTopic.csproj", "{219B0F47-3598-4C4C-A7B0-F3F79419DB36}"
EndProject
Global
	GlobalSection(SolutionConfigurationPlatforms) = preSolution
		Debug|Any CPU = Debug|Any CPU
		Release|Any CPU = Release|Any CPU
	EndGlobalSection
	GlobalSection(ProjectConfigurationPlatforms) = postSolution
		{410FF4AE-AD94-4ACC-AC7A-1093F486DFDB}.Debug|Any CPU.ActiveCfg = Debug|Any CPU
		{410FF4AE-AD94-4ACC-AC7A-1093F486DFDB}.Debug|Any CPU.Build.0 = Debug|Any CPU
		{410FF4AE-AD94-4ACC-AC7A-1093F486DFDB}.Release|Any CPU.ActiveCfg = Release|Any CPU
		{410FF4AE-AD94-4ACC-AC7A-1093F486DFDB}.Release|Any CPU.Build.0 = Release|Any CPU
		{219B0F47-3598-4C4C-A7B0-F3F79419DB36}.Debug|Any CPU.ActiveCfg = Debug|Any CPU
		{219B0F47-3598-4C4C-A7B0-F3F79419DB36}.Debug|Any CPU.Build.0 = Debug|Any CPU
		{219B0F47-3598-4C4C-A7B0-F3F79419DB36}.Release|Any CPU.ActiveCfg = Release|Any CPU
		{219B0F47-3598-4C4C-A7B0-F3F79419DB36}.Release|Any CPU.Build.0 = Release|Any CPU
	EndGlobalSection
	GlobalSection(SolutionProperties) = preSolution
		HideSolutionNode = FALSE
	EndGlobalSection
	GlobalSection(NestedProjects) = preSolution
		{219B0F47-3598-4C4C-A7B0-F3F79419DB36} = {AA6E5DB2-F2AB-4BF6-A235-00730F8DC40A}
	EndGlobalSection
EndGlobal
